// !$*UTF8*$!
{
	archiveVersion = 1;
	classes = {
	};
	objectVersion = 50;
	objects = {

/* Begin PBXBuildFile section */
		C356B81B2635972800D0DFB8 /* AppDelegate.swift in Sources */ = {isa = PBXBuildFile; fileRef = C356B81A2635972800D0DFB8 /* AppDelegate.swift */; };
		C356B81D2635972800D0DFB8 /* SceneDelegate.swift in Sources */ = {isa = PBXBuildFile; fileRef = C356B81C2635972800D0DFB8 /* SceneDelegate.swift */; };
		C356B8222635972800D0DFB8 /* Main.storyboard in Resources */ = {isa = PBXBuildFile; fileRef = C356B8202635972800D0DFB8 /* Main.storyboard */; };
		C356B8242635972800D0DFB8 /* Assets.xcassets in Resources */ = {isa = PBXBuildFile; fileRef = C356B8232635972800D0DFB8 /* Assets.xcassets */; };
		C356B8272635972800D0DFB8 /* LaunchScreen.storyboard in Resources */ = {isa = PBXBuildFile; fileRef = C356B8252635972800D0DFB8 /* LaunchScreen.storyboard */; };
		C37C82B12635A06D000CA7CD /* DataManager.swift in Sources */ = {isa = PBXBuildFile; fileRef = C37C82B02635A06D000CA7CD /* DataManager.swift */; };
		C37C82B52635AF66000CA7CD /* CarsListViewController.swift in Sources */ = {isa = PBXBuildFile; fileRef = C37C82B42635AF66000CA7CD /* CarsListViewController.swift */; };
		C37C82B92635B15D000CA7CD /* Model.swift in Sources */ = {isa = PBXBuildFile; fileRef = C37C82B82635B15D000CA7CD /* Model.swift */; };
		C37C82BD2635C142000CA7CD /* StartViewController.swift in Sources */ = {isa = PBXBuildFile; fileRef = C37C82BC2635C142000CA7CD /* StartViewController.swift */; };
		C37C82C12635CF4B000CA7CD /* DetailsCarsViewController.swift in Sources */ = {isa = PBXBuildFile; fileRef = C37C82C02635CF4B000CA7CD /* DetailsCarsViewController.swift */; };
/* End PBXBuildFile section */

/* Begin PBXFileReference section */
		C356B8172635972800D0DFB8 /* Photo gallery.app */ = {isa = PBXFileReference; explicitFileType = wrapper.application; includeInIndex = 0; path = "Photo gallery.app"; sourceTree = BUILT_PRODUCTS_DIR; };
		C356B81A2635972800D0DFB8 /* AppDelegate.swift */ = {isa = PBXFileReference; lastKnownFileType = sourcecode.swift; path = AppDelegate.swift; sourceTree = "<group>"; };
		C356B81C2635972800D0DFB8 /* SceneDelegate.swift */ = {isa = PBXFileReference; lastKnownFileType = sourcecode.swift; path = SceneDelegate.swift; sourceTree = "<group>"; };
		C356B8212635972800D0DFB8 /* Base */ = {isa = PBXFileReference; lastKnownFileType = file.storyboard; name = Base; path = Base.lproj/Main.storyboard; sourceTree = "<group>"; };
		C356B8232635972800D0DFB8 /* Assets.xcassets */ = {isa = PBXFileReference; lastKnownFileType = folder.assetcatalog; path = Assets.xcassets; sourceTree = "<group>"; };
		C356B8262635972800D0DFB8 /* Base */ = {isa = PBXFileReference; lastKnownFileType = file.storyboard; name = Base; path = Base.lproj/LaunchScreen.storyboard; sourceTree = "<group>"; };
		C356B8282635972800D0DFB8 /* Info.plist */ = {isa = PBXFileReference; lastKnownFileType = text.plist.xml; path = Info.plist; sourceTree = "<group>"; };
		C37C82B02635A06D000CA7CD /* DataManager.swift */ = {isa = PBXFileReference; lastKnownFileType = sourcecode.swift; path = DataManager.swift; sourceTree = "<group>"; };
		C37C82B42635AF66000CA7CD /* CarsListViewController.swift */ = {isa = PBXFileReference; lastKnownFileType = sourcecode.swift; path = CarsListViewController.swift; sourceTree = "<group>"; };
		C37C82B82635B15D000CA7CD /* Model.swift */ = {isa = PBXFileReference; lastKnownFileType = sourcecode.swift; path = Model.swift; sourceTree = "<group>"; };
		C37C82BC2635C142000CA7CD /* StartViewController.swift */ = {isa = PBXFileReference; lastKnownFileType = sourcecode.swift; path = StartViewController.swift; sourceTree = "<group>"; };
		C37C82C02635CF4B000CA7CD /* DetailsCarsViewController.swift */ = {isa = PBXFileReference; lastKnownFileType = sourcecode.swift; path = DetailsCarsViewController.swift; sourceTree = "<group>"; };
/* End PBXFileReference section */

/* Begin PBXFrameworksBuildPhase section */
		C356B8142635972800D0DFB8 /* Frameworks */ = {
			isa = PBXFrameworksBuildPhase;
			buildActionMask = 2147483647;
			files = (
			);
			runOnlyForDeploymentPostprocessing = 0;
		};
/* End PBXFrameworksBuildPhase section */

/* Begin PBXGroup section */
		C356B80E2635972800D0DFB8 = {
			isa = PBXGroup;
			children = (
				C356B8192635972800D0DFB8 /* Photo gallery */,
				C356B8182635972800D0DFB8 /* Products */,
			);
			sourceTree = "<group>";
		};
		C356B8182635972800D0DFB8 /* Products */ = {
			isa = PBXGroup;
			children = (
				C356B8172635972800D0DFB8 /* Photo gallery.app */,
			);
			name = Products;
			sourceTree = "<group>";
		};
		C356B8192635972800D0DFB8 /* Photo gallery */ = {
			isa = PBXGroup;
			children = (
				C356B81A2635972800D0DFB8 /* AppDelegate.swift */,
				C356B81C2635972800D0DFB8 /* SceneDelegate.swift */,
				C37C82BC2635C142000CA7CD /* StartViewController.swift */,
				C37C82B42635AF66000CA7CD /* CarsListViewController.swift */,
				C37C82C02635CF4B000CA7CD /* DetailsCarsViewController.swift */,
				C37C82B82635B15D000CA7CD /* Model.swift */,
				C37C82B02635A06D000CA7CD /* DataManager.swift */,
				C356B8202635972800D0DFB8 /* Main.storyboard */,
				C356B8232635972800D0DFB8 /* Assets.xcassets */,
				C356B8252635972800D0DFB8 /* LaunchScreen.storyboard */,
				C356B8282635972800D0DFB8 /* Info.plist */,
			);
			path = "Photo gallery";
			sourceTree = "<group>";
		};
/* End PBXGroup section */

/* Begin PBXNativeTarget section */
		C356B8162635972800D0DFB8 /* Photo gallery */ = {
			isa = PBXNativeTarget;
			buildConfigurationList = C356B82B2635972800D0DFB8 /* Build configuration list for PBXNativeTarget "Photo gallery" */;
			buildPhases = (
				C356B8132635972800D0DFB8 /* Sources */,
				C356B8142635972800D0DFB8 /* Frameworks */,
				C356B8152635972800D0DFB8 /* Resources */,
			);
			buildRules = (
			);
			dependencies = (
			);
			name = "Photo gallery";
			productName = "Photo gallery";
			productReference = C356B8172635972800D0DFB8 /* Photo gallery.app */;
			productType = "com.apple.product-type.application";
		};
/* End PBXNativeTarget section */

/* Begin PBXProject section */
		C356B80F2635972800D0DFB8 /* Project object */ = {
			isa = PBXProject;
			attributes = {
				LastSwiftUpdateCheck = 1240;
				LastUpgradeCheck = 1240;
				TargetAttributes = {
					C356B8162635972800D0DFB8 = {
						CreatedOnToolsVersion = 12.4;
					};
				};
			};
			buildConfigurationList = C356B8122635972800D0DFB8 /* Build configuration list for PBXProject "Photo gallery" */;
			compatibilityVersion = "Xcode 9.3";
			developmentRegion = en;
			hasScannedForEncodings = 0;
			knownRegions = (
				en,
				Base,
			);
			mainGroup = C356B80E2635972800D0DFB8;
			productRefGroup = C356B8182635972800D0DFB8 /* Products */;
			projectDirPath = "";
			projectRoot = "";
			targets = (
				C356B8162635972800D0DFB8 /* Photo gallery */,
			);
		};
/* End PBXProject section */

/* Begin PBXResourcesBuildPhase section */
		C356B8152635972800D0DFB8 /* Resources */ = {
			isa = PBXResourcesBuildPhase;
			buildActionMask = 2147483647;
			files = (
				C356B8272635972800D0DFB8 /* LaunchScreen.storyboard in Resources */,
				C356B8242635972800D0DFB8 /* Assets.xcassets in Resources */,
				C356B8222635972800D0DFB8 /* Main.storyboard in Resources */,
			);
			runOnlyForDeploymentPostprocessing = 0;
		};
/* End PBXResourcesBuildPhase section */

/* Begin PBXSourcesBuildPhase section */
		C356B8132635972800D0DFB8 /* Sources */ = {
			isa = PBXSourcesBuildPhase;
			buildActionMask = 2147483647;
			files = (
				C37C82B52635AF66000CA7CD /* CarsListViewController.swift in Sources */,
				C356B81B2635972800D0DFB8 /* AppDelegate.swift in Sources */,
				C37C82C12635CF4B000CA7CD /* DetailsCarsViewController.swift in Sources */,
				C37C82B92635B15D000CA7CD /* Model.swift in Sources */,
				C356B81D2635972800D0DFB8 /* SceneDelegate.swift in Sources */,
				C37C82B12635A06D000CA7CD /* DataManager.swift in Sources */,
				C37C82BD2635C142000CA7CD /* StartViewController.swift in Sources */,
			);
			runOnlyForDeploymentPostprocessing = 0;
		};
/* End PBXSourcesBuildPhase section */

/* Begin PBXVariantGroup section */
		C356B8202635972800D0DFB8 /* Main.storyboard */ = {
			isa = PBXVariantGroup;
			children = (
				C356B8212635972800D0DFB8 /* Base */,
			);
			name = Main.storyboard;
			sourceTree = "<group>";
		};
		C356B8252635972800D0DFB8 /* LaunchScreen.storyboard */ = {
			isa = PBXVariantGroup;
			children = (
				C356B8262635972800D0DFB8 /* Base */,
			);
			name = LaunchScreen.storyboard;
			sourceTree = "<group>";
		};
/* End PBXVariantGroup section */

/* Begin XCBuildConfiguration section */
		C356B8292635972800D0DFB8 /* Debug */ = {
			isa = XCBuildConfiguration;
			buildSettings = {
				ALWAYS_SEARCH_USER_PATHS = NO;
				CLANG_ANALYZER_NONNULL = YES;
				CLANG_ANALYZER_NUMBER_OBJECT_CONVERSION = YES_AGGRESSIVE;
				CLANG_CXX_LANGUAGE_STANDARD = "gnu++14";
				CLANG_CXX_LIBRARY = "libc++";
				CLANG_ENABLE_MODULES = YES;
				CLANG_ENABLE_OBJC_ARC = YES;
				CLANG_ENABLE_OBJC_WEAK = YES;
				CLANG_WARN_BLOCK_CAPTURE_AUTORELEASING = YES;
				CLANG_WARN_BOOL_CONVERSION = YES;
				CLANG_WARN_COMMA = YES;
				CLANG_WARN_CONSTANT_CONVERSION = YES;
				CLANG_WARN_DEPRECATED_OBJC_IMPLEMENTATIONS = YES;
				CLANG_WARN_DIRECT_OBJC_ISA_USAGE = YES_ERROR;
				CLANG_WARN_DOCUMENTATION_COMMENTS = YES;
				CLANG_WARN_EMPTY_BODY = YES;
				CLANG_WARN_ENUM_CONVERSION = YES;
				CLANG_WARN_INFINITE_RECURSION = YES;
				CLANG_WARN_INT_CONVERSION = YES;
				CLANG_WARN_NON_LITERAL_NULL_CONVERSION = YES;
				CLANG_WARN_OBJC_IMPLICIT_RETAIN_SELF = YES;
				CLANG_WARN_OBJC_LITERAL_CONVERSION = YES;
				CLANG_WARN_OBJC_ROOT_CLASS = YES_ERROR;
				CLANG_WARN_QUOTED_INCLUDE_IN_FRAMEWORK_HEADER = YES;
				CLANG_WARN_RANGE_LOOP_ANALYSIS = YES;
				CLANG_WARN_STRICT_PROTOTYPES = YES;
				CLANG_WARN_SUSPICIOUS_MOVE = YES;
				CLANG_WARN_UNGUARDED_AVAILABILITY = YES_AGGRESSIVE;
				CLANG_WARN_UNREACHABLE_CODE = YES;
				CLANG_WARN__DUPLICATE_METHOD_MATCH = YES;
				COPY_PHASE_STRIP = NO;
				DEBUG_INFORMATION_FORMAT = dwarf;
				ENABLE_STRICT_OBJC_MSGSEND = YES;
				ENABLE_TESTABILITY = YES;
				GCC_C_LANGUAGE_STANDARD = gnu11;
				GCC_DYNAMIC_NO_PIC = NO;
				GCC_NO_COMMON_BLOCKS = YES;
				GCC_OPTIMIZATION_LEVEL = 0;
				GCC_PREPROCESSOR_DEFINITIONS = (
					"DEBUG=1",
					"$(inherited)",
				);
				GCC_WARN_64_TO_32_BIT_CONVERSION = YES;
				GCC_WARN_ABOUT_RETURN_TYPE = YES_ERROR;
				GCC_WARN_UNDECLARED_SELECTOR = YES;
				GCC_WARN_UNINITIALIZED_AUTOS = YES_AGGRESSIVE;
				GCC_WARN_UNUSED_FUNCTION = YES;
				GCC_WARN_UNUSED_VARIABLE = YES;
				IPHONEOS_DEPLOYMENT_TARGET = 14.4;
				MTL_ENABLE_DEBUG_INFO = INCLUDE_SOURCE;
				MTL_FAST_MATH = YES;
				ONLY_ACTIVE_ARCH = YES;
				SDKROOT = iphoneos;
				SWIFT_ACTIVE_COMPILATION_CONDITIONS = DEBUG;
				SWIFT_OPTIMIZATION_LEVEL = "-Onone";
			};
			name = Debug;
		};
		C356B82A2635972800D0DFB8 /* Release */ = {
			isa = XCBuildConfiguration;
			buildSettings = {
				ALWAYS_SEARCH_USER_PATHS = NO;
				CLANG_ANALYZER_NONNULL = YES;
				CLANG_ANALYZER_NUMBER_OBJECT_CONVERSION = YES_AGGRESSIVE;
				CLANG_CXX_LANGUAGE_STANDARD = "gnu++14";
				CLANG_CXX_LIBRARY = "libc++";
				CLANG_ENABLE_MODULES = YES;
				CLANG_ENABLE_OBJC_ARC = YES;
				CLANG_ENABLE_OBJC_WEAK = YES;
				CLANG_WARN_BLOCK_CAPTURE_AUTORELEASING = YES;
				CLANG_WARN_BOOL_CONVERSION = YES;
				CLANG_WARN_COMMA = YES;
				CLANG_WARN_CONSTANT_CONVERSION = YES;
				CLANG_WARN_DEPRECATED_OBJC_IMPLEMENTATIONS = YES;
				CLANG_WARN_DIRECT_OBJC_ISA_USAGE = YES_ERROR;
				CLANG_WARN_DOCUMENTATION_COMMENTS = YES;
				CLANG_WARN_EMPTY_BODY = YES;
				CLANG_WARN_ENUM_CONVERSION = YES;
				CLANG_WARN_INFINITE_RECURSION = YES;
				CLANG_WARN_INT_CONVERSION = YES;
				CLANG_WARN_NON_LITERAL_NULL_CONVERSION = YES;
				CLANG_WARN_OBJC_IMPLICIT_RETAIN_SELF = YES;
				CLANG_WARN_OBJC_LITERAL_CONVERSION = YES;
				CLANG_WARN_OBJC_ROOT_CLASS = YES_ERROR;
				CLANG_WARN_QUOTED_INCLUDE_IN_FRAMEWORK_HEADER = YES;
				CLANG_WARN_RANGE_LOOP_ANALYSIS = YES;
				CLANG_WARN_STRICT_PROTOTYPES = YES;
				CLANG_WARN_SUSPICIOUS_MOVE = YES;
				CLANG_WARN_UNGUARDED_AVAILABILITY = YES_AGGRESSIVE;
				CLANG_WARN_UNREACHABLE_CODE = YES;
				CLANG_WARN__DUPLICATE_METHOD_MATCH = YES;
				COPY_PHASE_STRIP = NO;
				DEBUG_INFORMATION_FORMAT = "dwarf-with-dsym";
				ENABLE_NS_ASSERTIONS = NO;
				ENABLE_STRICT_OBJC_MSGSEND = YES;
				GCC_C_LANGUAGE_STANDARD = gnu11;
				GCC_NO_COMMON_BLOCKS = YES;
				GCC_WARN_64_TO_32_BIT_CONVERSION = YES;
				GCC_WARN_ABOUT_RETURN_TYPE = YES_ERROR;
				GCC_WARN_UNDECLARED_SELECTOR = YES;
				GCC_WARN_UNINITIALIZED_AUTOS = YES_AGGRESSIVE;
				GCC_WARN_UNUSED_FUNCTION = YES;
				GCC_WARN_UNUSED_VARIABLE = YES;
				IPHONEOS_DEPLOYMENT_TARGET = 14.4;
				MTL_ENABLE_DEBUG_INFO = NO;
				MTL_FAST_MATH = YES;
				SDKROOT = iphoneos;
				SWIFT_COMPILATION_MODE = wholemodule;
				SWIFT_OPTIMIZATION_LEVEL = "-O";
				VALIDATE_PRODUCT = YES;
			};
			name = Release;
		};
		C356B82C2635972800D0DFB8 /* Debug */ = {
			isa = XCBuildConfiguration;
			buildSettings = {
				ASSETCATALOG_COMPILER_APPICON_NAME = AppIcon;
				ASSETCATALOG_COMPILER_GLOBAL_ACCENT_COLOR_NAME = AccentColor;
				CODE_SIGN_STYLE = Automatic;
				DEVELOPMENT_TEAM = S4AD5RA4FS;
				INFOPLIST_FILE = "Photo gallery/Info.plist";
				LD_RUNPATH_SEARCH_PATHS = (
					"$(inherited)",
					"@executable_path/Frameworks",
				);
				PRODUCT_BUNDLE_IDENTIFIER = "Shagiakhmetov.Photo-gallery";
				PRODUCT_NAME = "$(TARGET_NAME)";
				SWIFT_VERSION = 5.0;
				TARGETED_DEVICE_FAMILY = "1,2";
			};
			name = Debug;
		};
		C356B82D2635972800D0DFB8 /* Release */ = {
			isa = XCBuildConfiguration;
			buildSettings = {
				ASSETCATALOG_COMPILER_APPICON_NAME = AppIcon;
				ASSETCATALOG_COMPILER_GLOBAL_ACCENT_COLOR_NAME = AccentColor;
				CODE_SIGN_STYLE = Automatic;
				DEVELOPMENT_TEAM = S4AD5RA4FS;
				INFOPLIST_FILE = "Photo gallery/Info.plist";
				LD_RUNPATH_SEARCH_PATHS = (
					"$(inherited)",
					"@executable_path/Frameworks",
				);
				PRODUCT_BUNDLE_IDENTIFIER = "Shagiakhmetov.Photo-gallery";
				PRODUCT_NAME = "$(TARGET_NAME)";
				SWIFT_VERSION = 5.0;
				TARGETED_DEVICE_FAMILY = "1,2";
			};
			name = Release;
		};
/* End XCBuildConfiguration section */

/* Begin XCConfigurationList section */
		C356B8122635972800D0DFB8 /* Build configuration list for PBXProject "Photo gallery" */ = {
			isa = XCConfigurationList;
			buildConfigurations = (
				C356B8292635972800D0DFB8 /* Debug */,
				C356B82A2635972800D0DFB8 /* Release */,
			);
			defaultConfigurationIsVisible = 0;
			defaultConfigurationName = Release;
		};
		C356B82B2635972800D0DFB8 /* Build configuration list for PBXNativeTarget "Photo gallery" */ = {
			isa = XCConfigurationList;
			buildConfigurations = (
				C356B82C2635972800D0DFB8 /* Debug */,
				C356B82D2635972800D0DFB8 /* Release */,
			);
			defaultConfigurationIsVisible = 0;
			defaultConfigurationName = Release;
		};
/* End XCConfigurationList section */
	};
	rootObject = C356B80F2635972800D0DFB8 /* Project object */;
}
